// !$*UTF8*$!
{
	archiveVersion = 1;
	classes = {
	};
	objectVersion = 46;
	objects = {

/* Begin PBXBuildFile section */
		E5ECAAB81CC0BC8900745A51 /* main.m in Sources */ = {isa = PBXBuildFile; fileRef = E5ECAAB71CC0BC8900745A51 /* main.m */; };
		E5ECAABB1CC0BC8900745A51 /* AppDelegate.m in Sources */ = {isa = PBXBuildFile; fileRef = E5ECAABA1CC0BC8900745A51 /* AppDelegate.m */; };
		E5ECAABE1CC0BC8900745A51 /* ViewController.m in Sources */ = {isa = PBXBuildFile; fileRef = E5ECAABD1CC0BC8900745A51 /* ViewController.m */; };
		E5ECAAC11CC0BC8900745A51 /* Main.storyboard in Resources */ = {isa = PBXBuildFile; fileRef = E5ECAABF1CC0BC8900745A51 /* Main.storyboard */; };
		E5ECAAC31CC0BC8900745A51 /* Assets.xcassets in Resources */ = {isa = PBXBuildFile; fileRef = E5ECAAC21CC0BC8900745A51 /* Assets.xcassets */; };
		E5ECAAC61CC0BC8900745A51 /* LaunchScreen.storyboard in Resources */ = {isa = PBXBuildFile; fileRef = E5ECAAC41CC0BC8900745A51 /* LaunchScreen.storyboard */; };
		E5ECAACF1CC0BC9C00745A51 /* BaseModel.m in Sources */ = {isa = PBXBuildFile; fileRef = E5ECAACE1CC0BC9C00745A51 /* BaseModel.m */; };
		E5ECAAD21CC0BD4D00745A51 /* Person.m in Sources */ = {isa = PBXBuildFile; fileRef = E5ECAAD11CC0BD4D00745A51 /* Person.m */; };
/* End PBXBuildFile section */

/* Begin PBXFileReference section */
		E5ECAAB31CC0BC8900745A51 /* Runtime_DictToModel.app */ = {isa = PBXFileReference; explicitFileType = wrapper.application; includeInIndex = 0; path = Runtime_DictToModel.app; sourceTree = BUILT_PRODUCTS_DIR; };
		E5ECAAB71CC0BC8900745A51 /* main.m */ = {isa = PBXFileReference; lastKnownFileType = sourcecode.c.objc; path = main.m; sourceTree = "<group>"; };
		E5ECAAB91CC0BC8900745A51 /* AppDelegate.h */ = {isa = PBXFileReference; lastKnownFileType = sourcecode.c.h; path = AppDelegate.h; sourceTree = "<group>"; };
		E5ECAABA1CC0BC8900745A51 /* AppDelegate.m */ = {isa = PBXFileReference; lastKnownFileType = sourcecode.c.objc; path = AppDelegate.m; sourceTree = "<group>"; };
		E5ECAABC1CC0BC8900745A51 /* ViewController.h */ = {isa = PBXFileReference; lastKnownFileType = sourcecode.c.h; path = ViewController.h; sourceTree = "<group>"; };
		E5ECAABD1CC0BC8900745A51 /* ViewController.m */ = {isa = PBXFileReference; lastKnownFileType = sourcecode.c.objc; path = ViewController.m; sourceTree = "<group>"; };
		E5ECAAC01CC0BC8900745A51 /* Base */ = {isa = PBXFileReference; lastKnownFileType = file.storyboard; name = Base; path = Base.lproj/Main.storyboard; sourceTree = "<group>"; };
		E5ECAAC21CC0BC8900745A51 /* Assets.xcassets */ = {isa = PBXFileReference; lastKnownFileType = folder.assetcatalog; path = Assets.xcassets; sourceTree = "<group>"; };
		E5ECAAC51CC0BC8900745A51 /* Base */ = {isa = PBXFileReference; lastKnownFileType = file.storyboard; name = Base; path = Base.lproj/LaunchScreen.storyboard; sourceTree = "<group>"; };
		E5ECAAC71CC0BC8900745A51 /* Info.plist */ = {isa = PBXFileReference; lastKnownFileType = text.plist.xml; path = Info.plist; sourceTree = "<group>"; };
		E5ECAACD1CC0BC9C00745A51 /* BaseModel.h */ = {isa = PBXFileReference; fileEncoding = 4; lastKnownFileType = sourcecode.c.h; path = BaseModel.h; sourceTree = "<group>"; };
		E5ECAACE1CC0BC9C00745A51 /* BaseModel.m */ = {isa = PBXFileReference; fileEncoding = 4; lastKnownFileType = sourcecode.c.objc; path = BaseModel.m; sourceTree = "<group>"; };
		E5ECAAD01CC0BD4D00745A51 /* Person.h */ = {isa = PBXFileReference; fileEncoding = 4; lastKnownFileType = sourcecode.c.h; path = Person.h; sourceTree = "<group>"; };
		E5ECAAD11CC0BD4D00745A51 /* Person.m */ = {isa = PBXFileReference; fileEncoding = 4; lastKnownFileType = sourcecode.c.objc; path = Person.m; sourceTree = "<group>"; };
/* End PBXFileReference section */

/* Begin PBXFrameworksBuildPhase section */
		E5ECAAB01CC0BC8900745A51 /* Frameworks */ = {
			isa = PBXFrameworksBuildPhase;
			buildActionMask = 2147483647;
			files = (
			);
			runOnlyForDeploymentPostprocessing = 0;
		};
/* End PBXFrameworksBuildPhase section */

/* Begin PBXGroup section */
		E5ECAAAA1CC0BC8900745A51 = {
			isa = PBXGroup;
			children = (
				E5ECAAB51CC0BC8900745A51 /* Runtime_DictToModel */,
				E5ECAAB41CC0BC8900745A51 /* Products */,
			);
			sourceTree = "<group>";
		};
		E5ECAAB41CC0BC8900745A51 /* Products */ = {
			isa = PBXGroup;
			children = (
				E5ECAAB31CC0BC8900745A51 /* Runtime_DictToModel.app */,
			);
			name = Products;
			sourceTree = "<group>";
		};
		E5ECAAB51CC0BC8900745A51 /* Runtime_DictToModel */ = {
			isa = PBXGroup;
			children = (
				E5ECAAB91CC0BC8900745A51 /* AppDelegate.h */,
				E5ECAABA1CC0BC8900745A51 /* AppDelegate.m */,
				E5ECAABC1CC0BC8900745A51 /* ViewController.h */,
				E5ECAABD1CC0BC8900745A51 /* ViewController.m */,
				E5ECAABF1CC0BC8900745A51 /* Main.storyboard */,
				E5ECAAC21CC0BC8900745A51 /* Assets.xcassets */,
				E5ECAAC41CC0BC8900745A51 /* LaunchScreen.storyboard */,
				E5ECAAC71CC0BC8900745A51 /* Info.plist */,
				E5ECAAB61CC0BC8900745A51 /* Supporting Files */,
				E5ECAACD1CC0BC9C00745A51 /* BaseModel.h */,
				E5ECAACE1CC0BC9C00745A51 /* BaseModel.m */,
				E5ECAAD01CC0BD4D00745A51 /* Person.h */,
				E5ECAAD11CC0BD4D00745A51 /* Person.m */,
			);
			path = Runtime_DictToModel;
			sourceTree = "<group>";
		};
		E5ECAAB61CC0BC8900745A51 /* Supporting Files */ = {
			isa = PBXGroup;
			children = (
				E5ECAAB71CC0BC8900745A51 /* main.m */,
			);
			name = "Supporting Files";
			sourceTree = "<group>";
		};
/* End PBXGroup section */

/* Begin PBXNativeTarget section */
		E5ECAAB21CC0BC8900745A51 /* Runtime_DictToModel */ = {
			isa = PBXNativeTarget;
			buildConfigurationList = E5ECAACA1CC0BC8900745A51 /* Build configuration list for PBXNativeTarget "Runtime_DictToModel" */;
			buildPhases = (
				E5ECAAAF1CC0BC8900745A51 /* Sources */,
				E5ECAAB01CC0BC8900745A51 /* Frameworks */,
				E5ECAAB11CC0BC8900745A51 /* Resources */,
			);
			buildRules = (
			);
			dependencies = (
			);
			name = Runtime_DictToModel;
			productName = Runtime_DictToModel;
			productReference = E5ECAAB31CC0BC8900745A51 /* Runtime_DictToModel.app */;
			productType = "com.apple.product-type.application";
		};
/* End PBXNativeTarget section */

/* Begin PBXProject section */
		E5ECAAAB1CC0BC8900745A51 /* Project object */ = {
			isa = PBXProject;
			attributes = {
				LastUpgradeCheck = 0730;
				ORGANIZATIONNAME = ZPF;
				TargetAttributes = {
					E5ECAAB21CC0BC8900745A51 = {
						CreatedOnToolsVersion = 7.3;
					};
				};
			};
			buildConfigurationList = E5ECAAAE1CC0BC8900745A51 /* Build configuration list for PBXProject "Runtime_DictToModel" */;
			compatibilityVersion = "Xcode 3.2";
			developmentRegion = English;
			hasScannedForEncodings = 0;
			knownRegions = (
				en,
				Base,
			);
			mainGroup = E5ECAAAA1CC0BC8900745A51;
			productRefGroup = E5ECAAB41CC0BC8900745A51 /* Products */;
			projectDirPath = "";
			projectRoot = "";
			targets = (
				E5ECAAB21CC0BC8900745A51 /* Runtime_DictToModel */,
			);
		};
/* End PBXProject section */

/* Begin PBXResourcesBuildPhase section */
		E5ECAAB11CC0BC8900745A51 /* Resources */ = {
			isa = PBXResourcesBuildPhase;
			buildActionMask = 2147483647;
			files = (
				E5ECAAC61CC0BC8900745A51 /* LaunchScreen.storyboard in Resources */,
				E5ECAAC31CC0BC8900745A51 /* Assets.xcassets in Resources */,
				E5ECAAC11CC0BC8900745A51 /* Main.storyboard in Resources */,
			);
			runOnlyForDeploymentPostprocessing = 0;
		};
/* End PBXResourcesBuildPhase section */

/* Begin PBXSourcesBuildPhase section */
		E5ECAAAF1CC0BC8900745A51 /* Sources */ = {
			isa = PBXSourcesBuildPhase;
			buildActionMask = 2147483647;
			files = (
				E5ECAABE1CC0BC8900745A51 /* ViewController.m in Sources */,
				E5ECAABB1CC0BC8900745A51 /* AppDelegate.m in Sources */,
				E5ECAAD21CC0BD4D00745A51 /* Person.m in Sources */,
				E5ECAACF1CC0BC9C00745A51 /* BaseModel.m in Sources */,
				E5ECAAB81CC0BC8900745A51 /* main.m in Sources */,
			);
			runOnlyForDeploymentPostprocessing = 0;
		};
/* End PBXSourcesBuildPhase section */

/* Begin PBXVariantGroup section */
		E5ECAABF1CC0BC8900745A51 /* Main.storyboard */ = {
			isa = PBXVariantGroup;
			children = (
				E5ECAAC01CC0BC8900745A51 /* Base */,
			);
			name = Main.storyboard;
			sourceTree = "<group>";
		};
		E5ECAAC41CC0BC8900745A51 /* LaunchScreen.storyboard */ = {
			isa = PBXVariantGroup;
			children = (
				E5ECAAC51CC0BC8900745A51 /* Base */,
			);
			name = LaunchScreen.storyboard;
			sourceTree = "<group>";
		};
/* End PBXVariantGroup section */

/* Begin XCBuildConfiguration section */
		E5ECAAC81CC0BC8900745A51 /* Debug */ = {
			isa = XCBuildConfiguration;
			buildSettings = {
				ALWAYS_SEARCH_USER_PATHS = NO;
				CLANG_ANALYZER_NONNULL = YES;
				CLANG_CXX_LANGUAGE_STANDARD = "gnu++0x";
				CLANG_CXX_LIBRARY = "libc++";
				CLANG_ENABLE_MODULES = YES;
				CLANG_ENABLE_OBJC_ARC = YES;
				CLANG_WARN_BOOL_CONVERSION = YES;
				CLANG_WARN_CONSTANT_CONVERSION = YES;
				CLANG_WARN_DIRECT_OBJC_ISA_USAGE = YES_ERROR;
				CLANG_WARN_EMPTY_BODY = YES;
				CLANG_WARN_ENUM_CONVERSION = YES;
				CLANG_WARN_INT_CONVERSION = YES;
				CLANG_WARN_OBJC_ROOT_CLASS = YES_ERROR;
				CLANG_WARN_UNREACHABLE_CODE = YES;
				CLANG_WARN__DUPLICATE_METHOD_MATCH = YES;
				"CODE_SIGN_IDENTITY[sdk=iphoneos*]" = "iPhone Developer";
				COPY_PHASE_STRIP = NO;
				DEBUG_INFORMATION_FORMAT = dwarf;
				ENABLE_STRICT_OBJC_MSGSEND = YES;
				ENABLE_TESTABILITY = YES;
				GCC_C_LANGUAGE_STANDARD = gnu99;
				GCC_DYNAMIC_NO_PIC = NO;
				GCC_NO_COMMON_BLOCKS = YES;
				GCC_OPTIMIZATION_LEVEL = 0;
				GCC_PREPROCESSOR_DEFINITIONS = (
					"DEBUG=1",
					"$(inherited)",
				);
				GCC_WARN_64_TO_32_BIT_CONVERSION = YES;
				GCC_WARN_ABOUT_RETURN_TYPE = YES_ERROR;
				GCC_WARN_UNDECLARED_SELECTOR = YES;
				GCC_WARN_UNINITIALIZED_AUTOS = YES_AGGRESSIVE;
				GCC_WARN_UNUSED_FUNCTION = YES;
				GCC_WARN_UNUSED_VARIABLE = YES;
				IPHONEOS_DEPLOYMENT_TARGET = 9.3;
				MTL_ENABLE_DEBUG_INFO = YES;
				ONLY_ACTIVE_ARCH = YES;
				SDKROOT = iphoneos;
			};
			name = Debug;
		};
		E5ECAAC91CC0BC8900745A51 /* Release */ = {
			isa = XCBuildConfiguration;
			buildSettings = {
				ALWAYS_SEARCH_USER_PATHS = NO;
				CLANG_ANALYZER_NONNULL = YES;
				CLANG_CXX_LANGUAGE_STANDARD = "gnu++0x";
				CLANG_CXX_LIBRARY = "libc++";
				CLANG_ENABLE_MODULES = YES;
				CLANG_ENABLE_OBJC_ARC = YES;
				CLANG_WARN_BOOL_CONVERSION = YES;
				CLANG_WARN_CONSTANT_CONVERSION = YES;
				CLANG_WARN_DIRECT_OBJC_ISA_USAGE = YES_ERROR;
				CLANG_WARN_EMPTY_BODY = YES;
				CLANG_WARN_ENUM_CONVERSION = YES;
				CLANG_WARN_INT_CONVERSION = YES;
				CLANG_WARN_OBJC_ROOT_CLASS = YES_ERROR;
				CLANG_WARN_UNREACHABLE_CODE = YES;
				CLANG_WARN__DUPLICATE_METHOD_MATCH = YES;
				"CODE_SIGN_IDENTITY[sdk=iphoneos*]" = "iPhone Developer";
				COPY_PHASE_STRIP = NO;
				DEBUG_INFORMATION_FORMAT = "dwarf-with-dsym";
				ENABLE_NS_ASSERTIONS = NO;
				ENABLE_STRICT_OBJC_MSGSEND = YES;
				GCC_C_LANGUAGE_STANDARD = gnu99;
				GCC_NO_COMMON_BLOCKS = YES;
				GCC_WARN_64_TO_32_BIT_CONVERSION = YES;
				GCC_WARN_ABOUT_RETURN_TYPE = YES_ERROR;
				GCC_WARN_UNDECLARED_SELECTOR = YES;
				GCC_WARN_UNINITIALIZED_AUTOS = YES_AGGRESSIVE;
				GCC_WARN_UNUSED_FUNCTION = YES;
				GCC_WARN_UNUSED_VARIABLE = YES;
				IPHONEOS_DEPLOYMENT_TARGET = 9.3;
				MTL_ENABLE_DEBUG_INFO = NO;
				SDKROOT = iphoneos;
				VALIDATE_PRODUCT = YES;
			};
			name = Release;
		};
		E5ECAACB1CC0BC8900745A51 /* Debug */ = {
			isa = XCBuildConfiguration;
			buildSettings = {
				ASSETCATALOG_COMPILER_APPICON_NAME = AppIcon;
				INFOPLIST_FILE = Runtime_DictToModel/Info.plist;
				LD_RUNPATH_SEARCH_PATHS = "$(inherited) @executable_path/Frameworks";
				PRODUCT_BUNDLE_IDENTIFIER = "com.zpf.Runtime-DictToModel";
				PRODUCT_NAME = "$(TARGET_NAME)";
			};
			name = Debug;
		};
		E5ECAACC1CC0BC8900745A51 /* Release */ = {
			isa = XCBuildConfiguration;
			buildSettings = {
				ASSETCATALOG_COMPILER_APPICON_NAME = AppIcon;
				INFOPLIST_FILE = Runtime_DictToModel/Info.plist;
				LD_RUNPATH_SEARCH_PATHS = "$(inherited) @executable_path/Frameworks";
				PRODUCT_BUNDLE_IDENTIFIER = "com.zpf.Runtime-DictToModel";
				PRODUCT_NAME = "$(TARGET_NAME)";
			};
			name = Release;
		};
/* End XCBuildConfiguration section */

/* Begin XCConfigurationList section */
		E5ECAAAE1CC0BC8900745A51 /* Build configuration list for PBXProject "Runtime_DictToModel" */ = {
			isa = XCConfigurationList;
			buildConfigurations = (
				E5ECAAC81CC0BC8900745A51 /* Debug */,
				E5ECAAC91CC0BC8900745A51 /* Release */,
			);
			defaultConfigurationIsVisible = 0;
			defaultConfigurationName = Release;
		};
		E5ECAACA1CC0BC8900745A51 /* Build configuration list for PBXNativeTarget "Runtime_DictToModel" */ = {
			isa = XCConfigurationList;
			buildConfigurations = (
				E5ECAACB1CC0BC8900745A51 /* Debug */,
				E5ECAACC1CC0BC8900745A51 /* Release */,
			);
			defaultConfigurationIsVisible = 0;
		};
/* End XCConfigurationList section */
	};
	rootObject = E5ECAAAB1CC0BC8900745A51 /* Project object */;
}
